
Microsoft Visual Studio Solution File, Format Version 12.00
# Visual Studio Version 17
VisualStudioVersion = 17.10.35122.118
MinimumVisualStudioVersion = 10.0.40219.1
Project("{FAE04EC0-301F-11D3-BF4B-00C04F79EFBC}") = "KMZWDotNetCore.ConsoleApp", "KMZWDotNetCore.ConsoleApp\KMZWDotNetCore.ConsoleApp.csproj", "{71EE9991-E93D-473F-B828-F9B2880276B4}"
EndProject
Global
	GlobalSection(SolutionConfigurationPlatforms) = preSolution
		Debug|Any CPU = Debug|Any CPU
		Release|Any CPU = Release|Any CPU
	EndGlobalSection
	GlobalSection(ProjectConfigurationPlatforms) = postSolution
		{71EE9991-E93D-473F-B828-F9B2880276B4}.Debug|Any CPU.ActiveCfg = Debug|Any CPU
		{71EE9991-E93D-473F-B828-F9B2880276B4}.Debug|Any CPU.Build.0 = Debug|Any CPU
		{71EE9991-E93D-473F-B828-F9B2880276B4}.Release|Any CPU.ActiveCfg = Release|Any CPU
		{71EE9991-E93D-473F-B828-F9B2880276B4}.Release|Any CPU.Build.0 = Release|Any CPU
	EndGlobalSection
	GlobalSection(SolutionProperties) = preSolution
		HideSolutionNode = FALSE
	EndGlobalSection
	GlobalSection(ExtensibilityGlobals) = postSolution
		SolutionGuid = {AE2012E2-EFD9-43B0-88ED-481F732CFFFA}
	EndGlobalSection
EndGlobal
